# This file is autogenerated, do not edit; changes may be undone by the next 'dep ensure'.


[[projects]]
  branch = "master"
  digest = "1:7219a79e7d775b1813e267812e39f04ed15ece1428b1c3e5b24df78e37ab7795"
  name = "github.com/dchest/uniuri"
  packages = ["."]
  pruneopts = "UT"
  revision = "7aecb25e1fe5a22533fab90a637a8f74a9cf7340"

[[projects]]
  digest = "1:9b73396bc7a21f88702fe3d314ca7860843c08f9c787bb47f008075f840df23d"
  name = "github.com/influxdata/influxdb"
  packages = [
    "client/v2",
    "models",
    "pkg/escape",
  ]
  pruneopts = "UT"
  revision = "f46f63d4e2d9684a2dd716594ab609ccd32f0a5b"
  version = "v1.7.10"

[[projects]]
  branch = "master"
  digest = "1:55f089b1e361a4f914da543f651f6ffe2d878d8186d64d261f174ecb32b92cc9"
  name = "github.com/kylegrantlucas/speedtest"
  packages = [
    ".",
    "coords",
    "http",
    "util",
    "xml",
  ]
  pruneopts = "UT"
  revision = "f8512f58e7ead921fded157e7fc4261a694679f5"

[solve-meta]
  analyzer-name = "dep"
  analyzer-version = 1
  input-imports = [
    "github.com/dchest/uniuri",
    "github.com/influxdata/influxdb/client/v2",
    "github.com/kylegrantlucas/speedtest",
    "github.com/kylegrantlucas/speedtest/coords",
    "github.com/kylegrantlucas/speedtest/http",
  ]
  solver-name = "gps-cdcl"
  solver-version = 1
