# This file is autogenerated, do not edit; changes may be undone by the next 'dep ensure'.


[[projects]]
  branch = "master"
  name = "github.com/dchest/uniuri"
  packages = ["."]
  revision = "8902c56451e9b58ff940bbe5fec35d5f9c04584a"

[[projects]]
  name = "github.com/influxdata/influxdb"
  packages = [
    "client/v2",
    "models",
    "pkg/escape"
  ]
  revision = "62ab18a0f43ee342b84debaaae5486b8b2d8682c"
  version = "v1.6.0"

[[projects]]
  branch = "master"
  name = "github.com/kylegrantlucas/speedtest"
  packages = [
    ".",
    "coords",
    "http",
    "util",
    "xml"
  ]
  revision = "f8512f58e7ead921fded157e7fc4261a694679f5"

[solve-meta]
  analyzer-name = "dep"
  analyzer-version = 1
  inputs-digest = "ecf5215d40fa68dd51c1454b2fe30afba8cd547601e4023cb097189e37a674fb"
  solver-name = "gps-cdcl"
  solver-version = 1
