# This file is autogenerated, do not edit; changes may be undone by the next 'dep ensure'.


[[projects]]
  branch = "master"
  digest = "1:372a31c63f7125f683fdc46435ab6f36794d41eff7f08ac8cc3f6ec1d32e2c39"
  name = "github.com/araddon/dateparse"
  packages = ["."]
  pruneopts = "UT"
  revision = "0eec95c9db7e40737864608615f5aff4cac78680"

[[projects]]
  digest = "1:6d29f02f0f01c627c2be40fb7347669a9ff2aa215cb97747294c1d13ffa74bdd"
  name = "github.com/gorilla/websocket"
  packages = ["."]
  pruneopts = "UT"
  revision = "b65e62901fc1c0d968042419e74789f6af455eb9"
  version = "v1.4.2"

[[projects]]
  digest = "1:9503164eeca57526c77c3c64872566feaa164be6675616e4442b682e3d0f3360"
  name = "github.com/influxdata/influxdb"
  packages = [
    "client/v2",
    "models",
    "pkg/escape",
  ]
  pruneopts = "UT"
  revision = "bc8ec4384eed25436d31045f974bf39f3310fa3c"
  version = "v1.8.4"

[[projects]]
  branch = "master"
  digest = "1:2c74dbaaa02fb3ea3caae8488cec68a50e66f5673fa4a50bf89e7e1b85ba71c9"
  name = "github.com/kylegrantlucas/speedtest"
  packages = ["coords"]
  pruneopts = "UT"
  revision = "f8512f58e7ead921fded157e7fc4261a694679f5"

[[projects]]
  digest = "1:02a42284672777908afc09ce52c70798ad8da06c553205540522e196bb862488"
  name = "github.com/m-lab/go"
  packages = [
    "anonymize",
    "flagx",
    "rtx",
  ]
  pruneopts = "UT"
  revision = "5fa2a44869946e033b55656c443575b2c7affbad"
  version = "v0.1.44"

[[projects]]
  digest = "1:6cdd662b3a81cb4eae59d01141b63a37ccf4a0da881cab4027e5c16ec5047749"
  name = "github.com/m-lab/locate"
  packages = [
    "api/locate",
    "api/v2",
  ]
  pruneopts = "UT"
  revision = "8459a0eee3d6872c1a22e25500b194fad1d993f3"
  version = "v0.7.0"

[[projects]]
  digest = "1:bdb2da1f4bd4b91971965f7a7124d352196d6e37f27851adac2c83bc96d350d9"
  name = "github.com/m-lab/ndt-server"
  packages = [
    "metadata",
    "ndt7/model",
  ]
  pruneopts = "UT"
  revision = "91f8780890e5829454af479232931907138ee459"
  version = "v0.20.5"

[[projects]]
  digest = "1:7349aa614b949a12137c8f4575f91dd56988c9364f80bbcc4b5ff2d1c5bfd4b3"
  name = "github.com/m-lab/ndt7-client-go"
  packages = [
    ".",
    "internal/download",
    "internal/params",
    "internal/upload",
    "internal/websocketx",
    "spec",
  ]
  pruneopts = "UT"
  revision = "10bc591e88fea3c55aa81bbb39812047733a2bb5"
  version = "v0.4.1"

[[projects]]
  digest = "1:4958b2b86de6ad6ecf9c1401c49bdc5ab32ba1d6041eb9a21d4be89da63c80c8"
  name = "github.com/m-lab/tcp-info"
  packages = [
    "inetdiag",
    "tcp",
  ]
  pruneopts = "UT"
  revision = "7481b6e6971fc76ee2b55f3b238d0d444b702f12"
  version = "v1.5.3"

[solve-meta]
  analyzer-name = "dep"
  analyzer-version = 1
  input-imports = [
    "github.com/influxdata/influxdb/client/v2",
    "github.com/kylegrantlucas/speedtest/coords",
    "github.com/m-lab/ndt7-client-go",
    "github.com/m-lab/ndt7-client-go/spec",
  ]
  solver-name = "gps-cdcl"
  solver-version = 1
